// !$*UTF8*$!
{
	archiveVersion = 1;
	classes = {
	};
	objectVersion = 48;
	objects = {

/* Begin PBXBuildFile section */
		C54494CC20600B2100D84D65 /* AppDelegate.swift in Sources */ = {isa = PBXBuildFile; fileRef = C54494CB20600B2100D84D65 /* AppDelegate.swift */; };
		C54494CE20600B2100D84D65 /* ViewController.swift in Sources */ = {isa = PBXBuildFile; fileRef = C54494CD20600B2100D84D65 /* ViewController.swift */; };
		C54494D120600B2100D84D65 /* Main.storyboard in Resources */ = {isa = PBXBuildFile; fileRef = C54494CF20600B2100D84D65 /* Main.storyboard */; };
		C54494D320600B2100D84D65 /* Assets.xcassets in Resources */ = {isa = PBXBuildFile; fileRef = C54494D220600B2100D84D65 /* Assets.xcassets */; };
		C54494D620600B2100D84D65 /* LaunchScreen.storyboard in Resources */ = {isa = PBXBuildFile; fileRef = C54494D420600B2100D84D65 /* LaunchScreen.storyboard */; };
		C54494E120600B2100D84D65 /* InterviewDemoTests.swift in Sources */ = {isa = PBXBuildFile; fileRef = C54494E020600B2100D84D65 /* InterviewDemoTests.swift */; };
		C54494EC20600B2100D84D65 /* InterviewDemoUITests.swift in Sources */ = {isa = PBXBuildFile; fileRef = C54494EB20600B2100D84D65 /* InterviewDemoUITests.swift */; };
		C54494FA20600B4100D84D65 /* Interview.swift in Sources */ = {isa = PBXBuildFile; fileRef = C54494F920600B4100D84D65 /* Interview.swift */; };
/* End PBXBuildFile section */

/* Begin PBXContainerItemProxy section */
		C54494DD20600B2100D84D65 /* PBXContainerItemProxy */ = {
			isa = PBXContainerItemProxy;
			containerPortal = C54494C020600B2100D84D65 /* Project object */;
			proxyType = 1;
			remoteGlobalIDString = C54494C720600B2100D84D65;
			remoteInfo = InterviewDemo;
		};
		C54494E820600B2100D84D65 /* PBXContainerItemProxy */ = {
			isa = PBXContainerItemProxy;
			containerPortal = C54494C020600B2100D84D65 /* Project object */;
			proxyType = 1;
			remoteGlobalIDString = C54494C720600B2100D84D65;
			remoteInfo = InterviewDemo;
		};
/* End PBXContainerItemProxy section */

/* Begin PBXFileReference section */
		C54494C820600B2100D84D65 /* InterviewDemo.app */ = {isa = PBXFileReference; explicitFileType = wrapper.application; includeInIndex = 0; path = InterviewDemo.app; sourceTree = BUILT_PRODUCTS_DIR; };
		C54494CB20600B2100D84D65 /* AppDelegate.swift */ = {isa = PBXFileReference; lastKnownFileType = sourcecode.swift; path = AppDelegate.swift; sourceTree = "<group>"; };
		C54494CD20600B2100D84D65 /* ViewController.swift */ = {isa = PBXFileReference; lastKnownFileType = sourcecode.swift; path = ViewController.swift; sourceTree = "<group>"; };
		C54494D020600B2100D84D65 /* Base */ = {isa = PBXFileReference; lastKnownFileType = file.storyboard; name = Base; path = Base.lproj/Main.storyboard; sourceTree = "<group>"; };
		C54494D220600B2100D84D65 /* Assets.xcassets */ = {isa = PBXFileReference; lastKnownFileType = folder.assetcatalog; path = Assets.xcassets; sourceTree = "<group>"; };
		C54494D520600B2100D84D65 /* Base */ = {isa = PBXFileReference; lastKnownFileType = file.storyboard; name = Base; path = Base.lproj/LaunchScreen.storyboard; sourceTree = "<group>"; };
		C54494D720600B2100D84D65 /* Info.plist */ = {isa = PBXFileReference; lastKnownFileType = text.plist.xml; path = Info.plist; sourceTree = "<group>"; };
		C54494DC20600B2100D84D65 /* InterviewDemoTests.xctest */ = {isa = PBXFileReference; explicitFileType = wrapper.cfbundle; includeInIndex = 0; path = InterviewDemoTests.xctest; sourceTree = BUILT_PRODUCTS_DIR; };
		C54494E020600B2100D84D65 /* InterviewDemoTests.swift */ = {isa = PBXFileReference; lastKnownFileType = sourcecode.swift; path = InterviewDemoTests.swift; sourceTree = "<group>"; };
		C54494E220600B2100D84D65 /* Info.plist */ = {isa = PBXFileReference; lastKnownFileType = text.plist.xml; path = Info.plist; sourceTree = "<group>"; };
		C54494E720600B2100D84D65 /* InterviewDemoUITests.xctest */ = {isa = PBXFileReference; explicitFileType = wrapper.cfbundle; includeInIndex = 0; path = InterviewDemoUITests.xctest; sourceTree = BUILT_PRODUCTS_DIR; };
		C54494EB20600B2100D84D65 /* InterviewDemoUITests.swift */ = {isa = PBXFileReference; lastKnownFileType = sourcecode.swift; path = InterviewDemoUITests.swift; sourceTree = "<group>"; };
		C54494ED20600B2100D84D65 /* Info.plist */ = {isa = PBXFileReference; lastKnownFileType = text.plist.xml; path = Info.plist; sourceTree = "<group>"; };
		C54494F920600B4100D84D65 /* Interview.swift */ = {isa = PBXFileReference; lastKnownFileType = sourcecode.swift; path = Interview.swift; sourceTree = "<group>"; };
/* End PBXFileReference section */

/* Begin PBXFrameworksBuildPhase section */
		C54494C520600B2100D84D65 /* Frameworks */ = {
			isa = PBXFrameworksBuildPhase;
			buildActionMask = 2147483647;
			files = (
			);
			runOnlyForDeploymentPostprocessing = 0;
		};
		C54494D920600B2100D84D65 /* Frameworks */ = {
			isa = PBXFrameworksBuildPhase;
			buildActionMask = 2147483647;
			files = (
			);
			runOnlyForDeploymentPostprocessing = 0;
		};
		C54494E420600B2100D84D65 /* Frameworks */ = {
			isa = PBXFrameworksBuildPhase;
			buildActionMask = 2147483647;
			files = (
			);
			runOnlyForDeploymentPostprocessing = 0;
		};
/* End PBXFrameworksBuildPhase section */

/* Begin PBXGroup section */
		C54494BF20600B2100D84D65 = {
			isa = PBXGroup;
			children = (
				C54494CA20600B2100D84D65 /* InterviewDemo */,
				C54494DF20600B2100D84D65 /* InterviewDemoTests */,
				C54494EA20600B2100D84D65 /* InterviewDemoUITests */,
				C54494C920600B2100D84D65 /* Products */,
			);
			sourceTree = "<group>";
		};
		C54494C920600B2100D84D65 /* Products */ = {
			isa = PBXGroup;
			children = (
				C54494C820600B2100D84D65 /* InterviewDemo.app */,
				C54494DC20600B2100D84D65 /* InterviewDemoTests.xctest */,
				C54494E720600B2100D84D65 /* InterviewDemoUITests.xctest */,
			);
			name = Products;
			sourceTree = "<group>";
		};
		C54494CA20600B2100D84D65 /* InterviewDemo */ = {
			isa = PBXGroup;
			children = (
				C54494CB20600B2100D84D65 /* AppDelegate.swift */,
				C54494CD20600B2100D84D65 /* ViewController.swift */,
				C54494F920600B4100D84D65 /* Interview.swift */,
				C54494CF20600B2100D84D65 /* Main.storyboard */,
				C54494D220600B2100D84D65 /* Assets.xcassets */,
				C54494D420600B2100D84D65 /* LaunchScreen.storyboard */,
				C54494D720600B2100D84D65 /* Info.plist */,
			);
			path = InterviewDemo;
			sourceTree = "<group>";
		};
		C54494DF20600B2100D84D65 /* InterviewDemoTests */ = {
			isa = PBXGroup;
			children = (
				C54494E020600B2100D84D65 /* InterviewDemoTests.swift */,
				C54494E220600B2100D84D65 /* Info.plist */,
			);
			path = InterviewDemoTests;
			sourceTree = "<group>";
		};
		C54494EA20600B2100D84D65 /* InterviewDemoUITests */ = {
			isa = PBXGroup;
			children = (
				C54494EB20600B2100D84D65 /* InterviewDemoUITests.swift */,
				C54494ED20600B2100D84D65 /* Info.plist */,
			);
			path = InterviewDemoUITests;
			sourceTree = "<group>";
		};
/* End PBXGroup section */

/* Begin PBXNativeTarget section */
		C54494C720600B2100D84D65 /* InterviewDemo */ = {
			isa = PBXNativeTarget;
			buildConfigurationList = C54494F020600B2100D84D65 /* Build configuration list for PBXNativeTarget "InterviewDemo" */;
			buildPhases = (
				C54494C420600B2100D84D65 /* Sources */,
				C54494C520600B2100D84D65 /* Frameworks */,
				C54494C620600B2100D84D65 /* Resources */,
			);
			buildRules = (
			);
			dependencies = (
			);
			name = InterviewDemo;
			productName = InterviewDemo;
			productReference = C54494C820600B2100D84D65 /* InterviewDemo.app */;
			productType = "com.apple.product-type.application";
		};
		C54494DB20600B2100D84D65 /* InterviewDemoTests */ = {
			isa = PBXNativeTarget;
			buildConfigurationList = C54494F320600B2100D84D65 /* Build configuration list for PBXNativeTarget "InterviewDemoTests" */;
			buildPhases = (
				C54494D820600B2100D84D65 /* Sources */,
				C54494D920600B2100D84D65 /* Frameworks */,
				C54494DA20600B2100D84D65 /* Resources */,
			);
			buildRules = (
			);
			dependencies = (
				C54494DE20600B2100D84D65 /* PBXTargetDependency */,
			);
			name = InterviewDemoTests;
			productName = InterviewDemoTests;
			productReference = C54494DC20600B2100D84D65 /* InterviewDemoTests.xctest */;
			productType = "com.apple.product-type.bundle.unit-test";
		};
		C54494E620600B2100D84D65 /* InterviewDemoUITests */ = {
			isa = PBXNativeTarget;
			buildConfigurationList = C54494F620600B2100D84D65 /* Build configuration list for PBXNativeTarget "InterviewDemoUITests" */;
			buildPhases = (
				C54494E320600B2100D84D65 /* Sources */,
				C54494E420600B2100D84D65 /* Frameworks */,
				C54494E520600B2100D84D65 /* Resources */,
			);
			buildRules = (
			);
			dependencies = (
				C54494E920600B2100D84D65 /* PBXTargetDependency */,
			);
			name = InterviewDemoUITests;
			productName = InterviewDemoUITests;
			productReference = C54494E720600B2100D84D65 /* InterviewDemoUITests.xctest */;
			productType = "com.apple.product-type.bundle.ui-testing";
		};
/* End PBXNativeTarget section */

/* Begin PBXProject section */
		C54494C020600B2100D84D65 /* Project object */ = {
			isa = PBXProject;
			attributes = {
				LastSwiftUpdateCheck = 0920;
				LastUpgradeCheck = 0920;
				ORGANIZATIONNAME = wentianen;
				TargetAttributes = {
					C54494C720600B2100D84D65 = {
						CreatedOnToolsVersion = 9.2;
						ProvisioningStyle = Automatic;
					};
					C54494DB20600B2100D84D65 = {
						CreatedOnToolsVersion = 9.2;
						ProvisioningStyle = Automatic;
						TestTargetID = C54494C720600B2100D84D65;
					};
					C54494E620600B2100D84D65 = {
						CreatedOnToolsVersion = 9.2;
						ProvisioningStyle = Automatic;
						TestTargetID = C54494C720600B2100D84D65;
					};
				};
			};
			buildConfigurationList = C54494C320600B2100D84D65 /* Build configuration list for PBXProject "InterviewDemo" */;
			compatibilityVersion = "Xcode 8.0";
			developmentRegion = en;
			hasScannedForEncodings = 0;
			knownRegions = (
				en,
				Base,
			);
			mainGroup = C54494BF20600B2100D84D65;
			productRefGroup = C54494C920600B2100D84D65 /* Products */;
			projectDirPath = "";
			projectRoot = "";
			targets = (
				C54494C720600B2100D84D65 /* InterviewDemo */,
				C54494DB20600B2100D84D65 /* InterviewDemoTests */,
				C54494E620600B2100D84D65 /* InterviewDemoUITests */,
			);
		};
/* End PBXProject section */

/* Begin PBXResourcesBuildPhase section */
		C54494C620600B2100D84D65 /* Resources */ = {
			isa = PBXResourcesBuildPhase;
			buildActionMask = 2147483647;
			files = (
				C54494D620600B2100D84D65 /* LaunchScreen.storyboard in Resources */,
				C54494D320600B2100D84D65 /* Assets.xcassets in Resources */,
				C54494D120600B2100D84D65 /* Main.storyboard in Resources */,
			);
			runOnlyForDeploymentPostprocessing = 0;
		};
		C54494DA20600B2100D84D65 /* Resources */ = {
			isa = PBXResourcesBuildPhase;
			buildActionMask = 2147483647;
			files = (
			);
			runOnlyForDeploymentPostprocessing = 0;
		};
		C54494E520600B2100D84D65 /* Resources */ = {
			isa = PBXResourcesBuildPhase;
			buildActionMask = 2147483647;
			files = (
			);
			runOnlyForDeploymentPostprocessing = 0;
		};
/* End PBXResourcesBuildPhase section */

/* Begin PBXSourcesBuildPhase section */
		C54494C420600B2100D84D65 /* Sources */ = {
			isa = PBXSourcesBuildPhase;
			buildActionMask = 2147483647;
			files = (
				C54494CE20600B2100D84D65 /* ViewController.swift in Sources */,
				C54494CC20600B2100D84D65 /* AppDelegate.swift in Sources */,
				C54494FA20600B4100D84D65 /* Interview.swift in Sources */,
			);
			runOnlyForDeploymentPostprocessing = 0;
		};
		C54494D820600B2100D84D65 /* Sources */ = {
			isa = PBXSourcesBuildPhase;
			buildActionMask = 2147483647;
			files = (
				C54494E120600B2100D84D65 /* InterviewDemoTests.swift in Sources */,
			);
			runOnlyForDeploymentPostprocessing = 0;
		};
		C54494E320600B2100D84D65 /* Sources */ = {
			isa = PBXSourcesBuildPhase;
			buildActionMask = 2147483647;
			files = (
				C54494EC20600B2100D84D65 /* InterviewDemoUITests.swift in Sources */,
			);
			runOnlyForDeploymentPostprocessing = 0;
		};
/* End PBXSourcesBuildPhase section */

/* Begin PBXTargetDependency section */
		C54494DE20600B2100D84D65 /* PBXTargetDependency */ = {
			isa = PBXTargetDependency;
			target = C54494C720600B2100D84D65 /* InterviewDemo */;
			targetProxy = C54494DD20600B2100D84D65 /* PBXContainerItemProxy */;
		};
		C54494E920600B2100D84D65 /* PBXTargetDependency */ = {
			isa = PBXTargetDependency;
			target = C54494C720600B2100D84D65 /* InterviewDemo */;
			targetProxy = C54494E820600B2100D84D65 /* PBXContainerItemProxy */;
		};
/* End PBXTargetDependency section */

/* Begin PBXVariantGroup section */
		C54494CF20600B2100D84D65 /* Main.storyboard */ = {
			isa = PBXVariantGroup;
			children = (
				C54494D020600B2100D84D65 /* Base */,
			);
			name = Main.storyboard;
			sourceTree = "<group>";
		};
		C54494D420600B2100D84D65 /* LaunchScreen.storyboard */ = {
			isa = PBXVariantGroup;
			children = (
				C54494D520600B2100D84D65 /* Base */,
			);
			name = LaunchScreen.storyboard;
			sourceTree = "<group>";
		};
/* End PBXVariantGroup section */

/* Begin XCBuildConfiguration section */
		C54494EE20600B2100D84D65 /* Debug */ = {
			isa = XCBuildConfiguration;
			buildSettings = {
				ALWAYS_SEARCH_USER_PATHS = NO;
				CLANG_ANALYZER_NONNULL = YES;
				CLANG_ANALYZER_NUMBER_OBJECT_CONVERSION = YES_AGGRESSIVE;
				CLANG_CXX_LANGUAGE_STANDARD = "gnu++14";
				CLANG_CXX_LIBRARY = "libc++";
				CLANG_ENABLE_MODULES = YES;
				CLANG_ENABLE_OBJC_ARC = YES;
				CLANG_WARN_BLOCK_CAPTURE_AUTORELEASING = YES;
				CLANG_WARN_BOOL_CONVERSION = YES;
				CLANG_WARN_COMMA = YES;
				CLANG_WARN_CONSTANT_CONVERSION = YES;
				CLANG_WARN_DIRECT_OBJC_ISA_USAGE = YES_ERROR;
				CLANG_WARN_DOCUMENTATION_COMMENTS = YES;
				CLANG_WARN_EMPTY_BODY = YES;
				CLANG_WARN_ENUM_CONVERSION = YES;
				CLANG_WARN_INFINITE_RECURSION = YES;
				CLANG_WARN_INT_CONVERSION = YES;
				CLANG_WARN_NON_LITERAL_NULL_CONVERSION = YES;
				CLANG_WARN_OBJC_LITERAL_CONVERSION = YES;
				CLANG_WARN_OBJC_ROOT_CLASS = YES_ERROR;
				CLANG_WARN_RANGE_LOOP_ANALYSIS = YES;
				CLANG_WARN_STRICT_PROTOTYPES = YES;
				CLANG_WARN_SUSPICIOUS_MOVE = YES;
				CLANG_WARN_UNGUARDED_AVAILABILITY = YES_AGGRESSIVE;
				CLANG_WARN_UNREACHABLE_CODE = YES;
				CLANG_WARN__DUPLICATE_METHOD_MATCH = YES;
				CODE_SIGN_IDENTITY = "iPhone Developer";
				COPY_PHASE_STRIP = NO;
				DEBUG_INFORMATION_FORMAT = dwarf;
				ENABLE_STRICT_OBJC_MSGSEND = YES;
				ENABLE_TESTABILITY = YES;
				GCC_C_LANGUAGE_STANDARD = gnu11;
				GCC_DYNAMIC_NO_PIC = NO;
				GCC_NO_COMMON_BLOCKS = YES;
				GCC_OPTIMIZATION_LEVEL = 0;
				GCC_PREPROCESSOR_DEFINITIONS = (
					"DEBUG=1",
					"$(inherited)",
				);
				GCC_WARN_64_TO_32_BIT_CONVERSION = YES;
				GCC_WARN_ABOUT_RETURN_TYPE = YES_ERROR;
				GCC_WARN_UNDECLARED_SELECTOR = YES;
				GCC_WARN_UNINITIALIZED_AUTOS = YES_AGGRESSIVE;
				GCC_WARN_UNUSED_FUNCTION = YES;
				GCC_WARN_UNUSED_VARIABLE = YES;
				IPHONEOS_DEPLOYMENT_TARGET = 11.2;
				MTL_ENABLE_DEBUG_INFO = YES;
				ONLY_ACTIVE_ARCH = YES;
				SDKROOT = iphoneos;
				SWIFT_ACTIVE_COMPILATION_CONDITIONS = DEBUG;
				SWIFT_OPTIMIZATION_LEVEL = "-Onone";
			};
			name = Debug;
		};
		C54494EF20600B2100D84D65 /* Release */ = {
			isa = XCBuildConfiguration;
			buildSettings = {
				ALWAYS_SEARCH_USER_PATHS = NO;
				CLANG_ANALYZER_NONNULL = YES;
				CLANG_ANALYZER_NUMBER_OBJECT_CONVERSION = YES_AGGRESSIVE;
				CLANG_CXX_LANGUAGE_STANDARD = "gnu++14";
				CLANG_CXX_LIBRARY = "libc++";
				CLANG_ENABLE_MODULES = YES;
				CLANG_ENABLE_OBJC_ARC = YES;
				CLANG_WARN_BLOCK_CAPTURE_AUTORELEASING = YES;
				CLANG_WARN_BOOL_CONVERSION = YES;
				CLANG_WARN_COMMA = YES;
				CLANG_WARN_CONSTANT_CONVERSION = YES;
				CLANG_WARN_DIRECT_OBJC_ISA_USAGE = YES_ERROR;
				CLANG_WARN_DOCUMENTATION_COMMENTS = YES;
				CLANG_WARN_EMPTY_BODY = YES;
				CLANG_WARN_ENUM_CONVERSION = YES;
				CLANG_WARN_INFINITE_RECURSION = YES;
				CLANG_WARN_INT_CONVERSION = YES;
				CLANG_WARN_NON_LITERAL_NULL_CONVERSION = YES;
				CLANG_WARN_OBJC_LITERAL_CONVERSION = YES;
				CLANG_WARN_OBJC_ROOT_CLASS = YES_ERROR;
				CLANG_WARN_RANGE_LOOP_ANALYSIS = YES;
				CLANG_WARN_STRICT_PROTOTYPES = YES;
				CLANG_WARN_SUSPICIOUS_MOVE = YES;
				CLANG_WARN_UNGUARDED_AVAILABILITY = YES_AGGRESSIVE;
				CLANG_WARN_UNREACHABLE_CODE = YES;
				CLANG_WARN__DUPLICATE_METHOD_MATCH = YES;
				CODE_SIGN_IDENTITY = "iPhone Developer";
				COPY_PHASE_STRIP = NO;
				DEBUG_INFORMATION_FORMAT = "dwarf-with-dsym";
				ENABLE_NS_ASSERTIONS = NO;
				ENABLE_STRICT_OBJC_MSGSEND = YES;
				GCC_C_LANGUAGE_STANDARD = gnu11;
				GCC_NO_COMMON_BLOCKS = YES;
				GCC_WARN_64_TO_32_BIT_CONVERSION = YES;
				GCC_WARN_ABOUT_RETURN_TYPE = YES_ERROR;
				GCC_WARN_UNDECLARED_SELECTOR = YES;
				GCC_WARN_UNINITIALIZED_AUTOS = YES_AGGRESSIVE;
				GCC_WARN_UNUSED_FUNCTION = YES;
				GCC_WARN_UNUSED_VARIABLE = YES;
				IPHONEOS_DEPLOYMENT_TARGET = 11.2;
				MTL_ENABLE_DEBUG_INFO = NO;
				SDKROOT = iphoneos;
				SWIFT_OPTIMIZATION_LEVEL = "-Owholemodule";
				VALIDATE_PRODUCT = YES;
			};
			name = Release;
		};
		C54494F120600B2100D84D65 /* Debug */ = {
			isa = XCBuildConfiguration;
			buildSettings = {
				ASSETCATALOG_COMPILER_APPICON_NAME = AppIcon;
				CODE_SIGN_STYLE = Automatic;
				INFOPLIST_FILE = InterviewDemo/Info.plist;
				LD_RUNPATH_SEARCH_PATHS = "$(inherited) @executable_path/Frameworks";
				PRODUCT_BUNDLE_IDENTIFIER = com.wentianen.InterviewDemo;
				PRODUCT_NAME = "$(TARGET_NAME)";
				SWIFT_VERSION = 4.0;
				TARGETED_DEVICE_FAMILY = "1,2";
			};
			name = Debug;
		};
		C54494F220600B2100D84D65 /* Release */ = {
			isa = XCBuildConfiguration;
			buildSettings = {
				ASSETCATALOG_COMPILER_APPICON_NAME = AppIcon;
				CODE_SIGN_STYLE = Automatic;
				INFOPLIST_FILE = InterviewDemo/Info.plist;
				LD_RUNPATH_SEARCH_PATHS = "$(inherited) @executable_path/Frameworks";
				PRODUCT_BUNDLE_IDENTIFIER = com.wentianen.InterviewDemo;
				PRODUCT_NAME = "$(TARGET_NAME)";
				SWIFT_VERSION = 4.0;
				TARGETED_DEVICE_FAMILY = "1,2";
			};
			name = Release;
		};
		C54494F420600B2100D84D65 /* Debug */ = {
			isa = XCBuildConfiguration;
			buildSettings = {
				ALWAYS_EMBED_SWIFT_STANDARD_LIBRARIES = YES;
				BUNDLE_LOADER = "$(TEST_HOST)";
				CODE_SIGN_STYLE = Automatic;
				INFOPLIST_FILE = InterviewDemoTests/Info.plist;
				LD_RUNPATH_SEARCH_PATHS = "$(inherited) @executable_path/Frameworks @loader_path/Frameworks";
				PRODUCT_BUNDLE_IDENTIFIER = com.wentianen.InterviewDemoTests;
				PRODUCT_NAME = "$(TARGET_NAME)";
				SWIFT_VERSION = 4.0;
				TARGETED_DEVICE_FAMILY = "1,2";
				TEST_HOST = "$(BUILT_PRODUCTS_DIR)/InterviewDemo.app/InterviewDemo";
			};
			name = Debug;
		};
		C54494F520600B2100D84D65 /* Release */ = {
			isa = XCBuildConfiguration;
			buildSettings = {
				ALWAYS_EMBED_SWIFT_STANDARD_LIBRARIES = YES;
				BUNDLE_LOADER = "$(TEST_HOST)";
				CODE_SIGN_STYLE = Automatic;
				INFOPLIST_FILE = InterviewDemoTests/Info.plist;
				LD_RUNPATH_SEARCH_PATHS = "$(inherited) @executable_path/Frameworks @loader_path/Frameworks";
				PRODUCT_BUNDLE_IDENTIFIER = com.wentianen.InterviewDemoTests;
				PRODUCT_NAME = "$(TARGET_NAME)";
				SWIFT_VERSION = 4.0;
				TARGETED_DEVICE_FAMILY = "1,2";
				TEST_HOST = "$(BUILT_PRODUCTS_DIR)/InterviewDemo.app/InterviewDemo";
			};
			name = Release;
		};
		C54494F720600B2100D84D65 /* Debug */ = {
			isa = XCBuildConfiguration;
			buildSettings = {
				ALWAYS_EMBED_SWIFT_STANDARD_LIBRARIES = YES;
				CODE_SIGN_STYLE = Automatic;
				INFOPLIST_FILE = InterviewDemoUITests/Info.plist;
				LD_RUNPATH_SEARCH_PATHS = "$(inherited) @executable_path/Frameworks @loader_path/Frameworks";
				PRODUCT_BUNDLE_IDENTIFIER = com.wentianen.InterviewDemoUITests;
				PRODUCT_NAME = "$(TARGET_NAME)";
				SWIFT_VERSION = 4.0;
				TARGETED_DEVICE_FAMILY = "1,2";
				TEST_TARGET_NAME = InterviewDemo;
			};
			name = Debug;
		};
		C54494F820600B2100D84D65 /* Release */ = {
			isa = XCBuildConfiguration;
			buildSettings = {
				ALWAYS_EMBED_SWIFT_STANDARD_LIBRARIES = YES;
				CODE_SIGN_STYLE = Automatic;
				INFOPLIST_FILE = InterviewDemoUITests/Info.plist;
				LD_RUNPATH_SEARCH_PATHS = "$(inherited) @executable_path/Frameworks @loader_path/Frameworks";
				PRODUCT_BUNDLE_IDENTIFIER = com.wentianen.InterviewDemoUITests;
				PRODUCT_NAME = "$(TARGET_NAME)";
				SWIFT_VERSION = 4.0;
				TARGETED_DEVICE_FAMILY = "1,2";
				TEST_TARGET_NAME = InterviewDemo;
			};
			name = Release;
		};
/* End XCBuildConfiguration section */

/* Begin XCConfigurationList section */
		C54494C320600B2100D84D65 /* Build configuration list for PBXProject "InterviewDemo" */ = {
			isa = XCConfigurationList;
			buildConfigurations = (
				C54494EE20600B2100D84D65 /* Debug */,
				C54494EF20600B2100D84D65 /* Release */,
			);
			defaultConfigurationIsVisible = 0;
			defaultConfigurationName = Release;
		};
		C54494F020600B2100D84D65 /* Build configuration list for PBXNativeTarget "InterviewDemo" */ = {
			isa = XCConfigurationList;
			buildConfigurations = (
				C54494F120600B2100D84D65 /* Debug */,
				C54494F220600B2100D84D65 /* Release */,
			);
			defaultConfigurationIsVisible = 0;
			defaultConfigurationName = Release;
		};
		C54494F320600B2100D84D65 /* Build configuration list for PBXNativeTarget "InterviewDemoTests" */ = {
			isa = XCConfigurationList;
			buildConfigurations = (
				C54494F420600B2100D84D65 /* Debug */,
				C54494F520600B2100D84D65 /* Release */,
			);
			defaultConfigurationIsVisible = 0;
			defaultConfigurationName = Release;
		};
		C54494F620600B2100D84D65 /* Build configuration list for PBXNativeTarget "InterviewDemoUITests" */ = {
			isa = XCConfigurationList;
			buildConfigurations = (
				C54494F720600B2100D84D65 /* Debug */,
				C54494F820600B2100D84D65 /* Release */,
			);
			defaultConfigurationIsVisible = 0;
			defaultConfigurationName = Release;
		};
/* End XCConfigurationList section */
	};
	rootObject = C54494C020600B2100D84D65 /* Project object */;
}
